// !$*UTF8*$!
{
	archiveVersion = 1;
	classes = {
	};
	objectVersion = 77;
	objects = {

/* Begin PBXBuildFile section */
		F037449F2E866D46001B2439 /* WidgetKit.framework in Frameworks */ = {isa = PBXBuildFile; fileRef = F037449E2E866D46001B2439 /* WidgetKit.framework */; };
		F03744A12E866D46001B2439 /* SwiftUI.framework in Frameworks */ = {isa = PBXBuildFile; fileRef = F03744A02E866D46001B2439 /* SwiftUI.framework */; };
		F03744AE2E866D48001B2439 /* whatsTodayWidgetExtension.appex in Embed Foundation Extensions */ = {isa = PBXBuildFile; fileRef = F037449C2E866D46001B2439 /* whatsTodayWidgetExtension.appex */; settings = {ATTRIBUTES = (RemoveHeadersOnCopy, ); }; };
/* End PBXBuildFile section */

/* Begin PBXContainerItemProxy section */
		F03744AC2E866D48001B2439 /* PBXContainerItemProxy */ = {
			isa = PBXContainerItemProxy;
			containerPortal = F05073722E82B8D600D835AD /* Project object */;
			proxyType = 1;
			remoteGlobalIDString = F037449B2E866D46001B2439;
			remoteInfo = whatsTodayWidgetExtension;
		};
		F050738A2E82B8D800D835AD /* PBXContainerItemProxy */ = {
			isa = PBXContainerItemProxy;
			containerPortal = F05073722E82B8D600D835AD /* Project object */;
			proxyType = 1;
			remoteGlobalIDString = F05073792E82B8D600D835AD;
			remoteInfo = whatsToday;
		};
		F05073942E82B8D800D835AD /* PBXContainerItemProxy */ = {
			isa = PBXContainerItemProxy;
			containerPortal = F05073722E82B8D600D835AD /* Project object */;
			proxyType = 1;
			remoteGlobalIDString = F05073792E82B8D600D835AD;
			remoteInfo = whatsToday;
		};
/* End PBXContainerItemProxy section */

/* Begin PBXCopyFilesBuildPhase section */
		F03744AF2E866D48001B2439 /* Embed Foundation Extensions */ = {
			isa = PBXCopyFilesBuildPhase;
			buildActionMask = 2147483647;
			dstPath = "";
			dstSubfolderSpec = 13;
			files = (
				F03744AE2E866D48001B2439 /* whatsTodayWidgetExtension.appex in Embed Foundation Extensions */,
			);
			name = "Embed Foundation Extensions";
			runOnlyForDeploymentPostprocessing = 0;
		};
/* End PBXCopyFilesBuildPhase section */

/* Begin PBXFileReference section */
		F037449C2E866D46001B2439 /* whatsTodayWidgetExtension.appex */ = {isa = PBXFileReference; explicitFileType = "wrapper.app-extension"; includeInIndex = 0; path = whatsTodayWidgetExtension.appex; sourceTree = BUILT_PRODUCTS_DIR; };
		F037449E2E866D46001B2439 /* WidgetKit.framework */ = {isa = PBXFileReference; lastKnownFileType = wrapper.framework; name = WidgetKit.framework; path = System/Library/Frameworks/WidgetKit.framework; sourceTree = SDKROOT; };
		F03744A02E866D46001B2439 /* SwiftUI.framework */ = {isa = PBXFileReference; lastKnownFileType = wrapper.framework; name = SwiftUI.framework; path = System/Library/Frameworks/SwiftUI.framework; sourceTree = SDKROOT; };
		F03744BD2E86BD31001B2439 /* whatsTodayWidgetExtension.entitlements */ = {isa = PBXFileReference; lastKnownFileType = text.plist.entitlements; path = whatsTodayWidgetExtension.entitlements; sourceTree = "<group>"; };
		F050737A2E82B8D600D835AD /* whatsToday.app */ = {isa = PBXFileReference; explicitFileType = wrapper.application; includeInIndex = 0; path = whatsToday.app; sourceTree = BUILT_PRODUCTS_DIR; };
		F05073892E82B8D800D835AD /* whatsTodayTests.xctest */ = {isa = PBXFileReference; explicitFileType = wrapper.cfbundle; includeInIndex = 0; path = whatsTodayTests.xctest; sourceTree = BUILT_PRODUCTS_DIR; };
		F05073932E82B8D800D835AD /* whatsTodayUITests.xctest */ = {isa = PBXFileReference; explicitFileType = wrapper.cfbundle; includeInIndex = 0; path = whatsTodayUITests.xctest; sourceTree = BUILT_PRODUCTS_DIR; };
/* End PBXFileReference section */

/* Begin PBXFileSystemSynchronizedBuildFileExceptionSet section */
		F03744B22E866D48001B2439 /* Exceptions for "whatsTodayWidget" folder in "whatsTodayWidgetExtension" target */ = {
			isa = PBXFileSystemSynchronizedBuildFileExceptionSet;
			membershipExceptions = (
				Info.plist,
			);
			target = F037449B2E866D46001B2439 /* whatsTodayWidgetExtension */;
		};
		F03744C12E86C2D7001B2439 /* Exceptions for "whatsToday" folder in "whatsTodayWidgetExtension" target */ = {
			isa = PBXFileSystemSynchronizedBuildFileExceptionSet;
			membershipExceptions = (
				Assets.xcassets,
				models/Workout.swift,
				models/workoutDetail.swift,
				models/WorkoutType.swift,
				utils/SharedModelContainer.swift,
			);
			target = F037449B2E866D46001B2439 /* whatsTodayWidgetExtension */;
		};
		F06555A12E8C47CE005A043D /* Exceptions for "whatsToday" folder in "whatsToday" target */ = {
			isa = PBXFileSystemSynchronizedBuildFileExceptionSet;
			membershipExceptions = (
				Info.plist,
			);
			target = F05073792E82B8D600D835AD /* whatsToday */;
		};
/* End PBXFileSystemSynchronizedBuildFileExceptionSet section */

/* Begin PBXFileSystemSynchronizedRootGroup section */
		F03744A22E866D46001B2439 /* whatsTodayWidget */ = {
			isa = PBXFileSystemSynchronizedRootGroup;
			exceptions = (
				F03744B22E866D48001B2439 /* Exceptions for "whatsTodayWidget" folder in "whatsTodayWidgetExtension" target */,
			);
			path = whatsTodayWidget;
			sourceTree = "<group>";
		};
		F050737C2E82B8D600D835AD /* whatsToday */ = {
			isa = PBXFileSystemSynchronizedRootGroup;
			exceptions = (
				F06555A12E8C47CE005A043D /* Exceptions for "whatsToday" folder in "whatsToday" target */,
				F03744C12E86C2D7001B2439 /* Exceptions for "whatsToday" folder in "whatsTodayWidgetExtension" target */,
			);
			path = whatsToday;
			sourceTree = "<group>";
		};
		F050738C2E82B8D800D835AD /* whatsTodayTests */ = {
			isa = PBXFileSystemSynchronizedRootGroup;
			path = whatsTodayTests;
			sourceTree = "<group>";
		};
		F05073962E82B8D800D835AD /* whatsTodayUITests */ = {
			isa = PBXFileSystemSynchronizedRootGroup;
			path = whatsTodayUITests;
			sourceTree = "<group>";
		};
/* End PBXFileSystemSynchronizedRootGroup section */

/* Begin PBXFrameworksBuildPhase section */
		F03744992E866D46001B2439 /* Frameworks */ = {
			isa = PBXFrameworksBuildPhase;
			buildActionMask = 2147483647;
			files = (
				F03744A12E866D46001B2439 /* SwiftUI.framework in Frameworks */,
				F037449F2E866D46001B2439 /* WidgetKit.framework in Frameworks */,
			);
			runOnlyForDeploymentPostprocessing = 0;
		};
		F05073772E82B8D600D835AD /* Frameworks */ = {
			isa = PBXFrameworksBuildPhase;
			buildActionMask = 2147483647;
			files = (
			);
			runOnlyForDeploymentPostprocessing = 0;
		};
		F05073862E82B8D800D835AD /* Frameworks */ = {
			isa = PBXFrameworksBuildPhase;
			buildActionMask = 2147483647;
			files = (
			);
			runOnlyForDeploymentPostprocessing = 0;
		};
		F05073902E82B8D800D835AD /* Frameworks */ = {
			isa = PBXFrameworksBuildPhase;
			buildActionMask = 2147483647;
			files = (
			);
			runOnlyForDeploymentPostprocessing = 0;
		};
/* End PBXFrameworksBuildPhase section */

/* Begin PBXGroup section */
		F037449D2E866D46001B2439 /* Frameworks */ = {
			isa = PBXGroup;
			children = (
				F037449E2E866D46001B2439 /* WidgetKit.framework */,
				F03744A02E866D46001B2439 /* SwiftUI.framework */,
			);
			name = Frameworks;
			sourceTree = "<group>";
		};
		F05073712E82B8D600D835AD = {
			isa = PBXGroup;
			children = (
				F03744BD2E86BD31001B2439 /* whatsTodayWidgetExtension.entitlements */,
				F050737C2E82B8D600D835AD /* whatsToday */,
				F050738C2E82B8D800D835AD /* whatsTodayTests */,
				F05073962E82B8D800D835AD /* whatsTodayUITests */,
				F03744A22E866D46001B2439 /* whatsTodayWidget */,
				F037449D2E866D46001B2439 /* Frameworks */,
				F050737B2E82B8D600D835AD /* Products */,
			);
			sourceTree = "<group>";
		};
		F050737B2E82B8D600D835AD /* Products */ = {
			isa = PBXGroup;
			children = (
				F050737A2E82B8D600D835AD /* whatsToday.app */,
				F05073892E82B8D800D835AD /* whatsTodayTests.xctest */,
				F05073932E82B8D800D835AD /* whatsTodayUITests.xctest */,
				F037449C2E866D46001B2439 /* whatsTodayWidgetExtension.appex */,
			);
			name = Products;
			sourceTree = "<group>";
		};
/* End PBXGroup section */

/* Begin PBXNativeTarget section */
		F037449B2E866D46001B2439 /* whatsTodayWidgetExtension */ = {
			isa = PBXNativeTarget;
			buildConfigurationList = F03744B32E866D48001B2439 /* Build configuration list for PBXNativeTarget "whatsTodayWidgetExtension" */;
			buildPhases = (
				F03744982E866D46001B2439 /* Sources */,
				F03744992E866D46001B2439 /* Frameworks */,
				F037449A2E866D46001B2439 /* Resources */,
			);
			buildRules = (
			);
			dependencies = (
			);
			fileSystemSynchronizedGroups = (
				F03744A22E866D46001B2439 /* whatsTodayWidget */,
			);
			name = whatsTodayWidgetExtension;
			packageProductDependencies = (
			);
			productName = whatsTodayWidgetExtension;
			productReference = F037449C2E866D46001B2439 /* whatsTodayWidgetExtension.appex */;
			productType = "com.apple.product-type.app-extension";
		};
		F05073792E82B8D600D835AD /* whatsToday */ = {
			isa = PBXNativeTarget;
			buildConfigurationList = F050739D2E82B8D800D835AD /* Build configuration list for PBXNativeTarget "whatsToday" */;
			buildPhases = (
				F05073762E82B8D600D835AD /* Sources */,
				F05073772E82B8D600D835AD /* Frameworks */,
				F05073782E82B8D600D835AD /* Resources */,
				F03744AF2E866D48001B2439 /* Embed Foundation Extensions */,
			);
			buildRules = (
			);
			dependencies = (
				F03744AD2E866D48001B2439 /* PBXTargetDependency */,
			);
			fileSystemSynchronizedGroups = (
				F050737C2E82B8D600D835AD /* whatsToday */,
			);
			name = whatsToday;
			packageProductDependencies = (
			);
			productName = whatsToday;
			productReference = F050737A2E82B8D600D835AD /* whatsToday.app */;
			productType = "com.apple.product-type.application";
		};
		F05073882E82B8D800D835AD /* whatsTodayTests */ = {
			isa = PBXNativeTarget;
			buildConfigurationList = F05073A02E82B8D800D835AD /* Build configuration list for PBXNativeTarget "whatsTodayTests" */;
			buildPhases = (
				F05073852E82B8D800D835AD /* Sources */,
				F05073862E82B8D800D835AD /* Frameworks */,
				F05073872E82B8D800D835AD /* Resources */,
			);
			buildRules = (
			);
			dependencies = (
				F050738B2E82B8D800D835AD /* PBXTargetDependency */,
			);
			fileSystemSynchronizedGroups = (
				F050738C2E82B8D800D835AD /* whatsTodayTests */,
			);
			name = whatsTodayTests;
			packageProductDependencies = (
			);
			productName = whatsTodayTests;
			productReference = F05073892E82B8D800D835AD /* whatsTodayTests.xctest */;
			productType = "com.apple.product-type.bundle.unit-test";
		};
		F05073922E82B8D800D835AD /* whatsTodayUITests */ = {
			isa = PBXNativeTarget;
			buildConfigurationList = F05073A32E82B8D800D835AD /* Build configuration list for PBXNativeTarget "whatsTodayUITests" */;
			buildPhases = (
				F050738F2E82B8D800D835AD /* Sources */,
				F05073902E82B8D800D835AD /* Frameworks */,
				F05073912E82B8D800D835AD /* Resources */,
			);
			buildRules = (
			);
			dependencies = (
				F05073952E82B8D800D835AD /* PBXTargetDependency */,
			);
			fileSystemSynchronizedGroups = (
				F05073962E82B8D800D835AD /* whatsTodayUITests */,
			);
			name = whatsTodayUITests;
			packageProductDependencies = (
			);
			productName = whatsTodayUITests;
			productReference = F05073932E82B8D800D835AD /* whatsTodayUITests.xctest */;
			productType = "com.apple.product-type.bundle.ui-testing";
		};
/* End PBXNativeTarget section */

/* Begin PBXProject section */
		F05073722E82B8D600D835AD /* Project object */ = {
			isa = PBXProject;
			attributes = {
				BuildIndependentTargetsInParallel = 1;
				LastSwiftUpdateCheck = 1640;
				LastUpgradeCheck = 1640;
				TargetAttributes = {
					F037449B2E866D46001B2439 = {
						CreatedOnToolsVersion = 16.4;
					};
					F05073792E82B8D600D835AD = {
						CreatedOnToolsVersion = 16.4;
					};
					F05073882E82B8D800D835AD = {
						CreatedOnToolsVersion = 16.4;
						TestTargetID = F05073792E82B8D600D835AD;
					};
					F05073922E82B8D800D835AD = {
						CreatedOnToolsVersion = 16.4;
						TestTargetID = F05073792E82B8D600D835AD;
					};
				};
			};
			buildConfigurationList = F05073752E82B8D600D835AD /* Build configuration list for PBXProject "whatsToday" */;
			developmentRegion = en;
			hasScannedForEncodings = 0;
			knownRegions = (
				en,
				Base,
			);
			mainGroup = F05073712E82B8D600D835AD;
			minimizedProjectReferenceProxies = 1;
			preferredProjectObjectVersion = 77;
			productRefGroup = F050737B2E82B8D600D835AD /* Products */;
			projectDirPath = "";
			projectRoot = "";
			targets = (
				F05073792E82B8D600D835AD /* whatsToday */,
				F05073882E82B8D800D835AD /* whatsTodayTests */,
				F05073922E82B8D800D835AD /* whatsTodayUITests */,
				F037449B2E866D46001B2439 /* whatsTodayWidgetExtension */,
			);
		};
/* End PBXProject section */

/* Begin PBXResourcesBuildPhase section */
		F037449A2E866D46001B2439 /* Resources */ = {
			isa = PBXResourcesBuildPhase;
			buildActionMask = 2147483647;
			files = (
			);
			runOnlyForDeploymentPostprocessing = 0;
		};
		F05073782E82B8D600D835AD /* Resources */ = {
			isa = PBXResourcesBuildPhase;
			buildActionMask = 2147483647;
			files = (
			);
			runOnlyForDeploymentPostprocessing = 0;
		};
		F05073872E82B8D800D835AD /* Resources */ = {
			isa = PBXResourcesBuildPhase;
			buildActionMask = 2147483647;
			files = (
			);
			runOnlyForDeploymentPostprocessing = 0;
		};
		F05073912E82B8D800D835AD /* Resources */ = {
			isa = PBXResourcesBuildPhase;
			buildActionMask = 2147483647;
			files = (
			);
			runOnlyForDeploymentPostprocessing = 0;
		};
/* End PBXResourcesBuildPhase section */

/* Begin PBXSourcesBuildPhase section */
		F03744982E866D46001B2439 /* Sources */ = {
			isa = PBXSourcesBuildPhase;
			buildActionMask = 2147483647;
			files = (
			);
			runOnlyForDeploymentPostprocessing = 0;
		};
		F05073762E82B8D600D835AD /* Sources */ = {
			isa = PBXSourcesBuildPhase;
			buildActionMask = 2147483647;
			files = (
			);
			runOnlyForDeploymentPostprocessing = 0;
		};
		F05073852E82B8D800D835AD /* Sources */ = {
			isa = PBXSourcesBuildPhase;
			buildActionMask = 2147483647;
			files = (
			);
			runOnlyForDeploymentPostprocessing = 0;
		};
		F050738F2E82B8D800D835AD /* Sources */ = {
			isa = PBXSourcesBuildPhase;
			buildActionMask = 2147483647;
			files = (
			);
			runOnlyForDeploymentPostprocessing = 0;
		};
/* End PBXSourcesBuildPhase section */

/* Begin PBXTargetDependency section */
		F03744AD2E866D48001B2439 /* PBXTargetDependency */ = {
			isa = PBXTargetDependency;
			target = F037449B2E866D46001B2439 /* whatsTodayWidgetExtension */;
			targetProxy = F03744AC2E866D48001B2439 /* PBXContainerItemProxy */;
		};
		F050738B2E82B8D800D835AD /* PBXTargetDependency */ = {
			isa = PBXTargetDependency;
			target = F05073792E82B8D600D835AD /* whatsToday */;
			targetProxy = F050738A2E82B8D800D835AD /* PBXContainerItemProxy */;
		};
		F05073952E82B8D800D835AD /* PBXTargetDependency */ = {
			isa = PBXTargetDependency;
			target = F05073792E82B8D600D835AD /* whatsToday */;
			targetProxy = F05073942E82B8D800D835AD /* PBXContainerItemProxy */;
		};
/* End PBXTargetDependency section */

/* Begin XCBuildConfiguration section */
		F03744B02E866D48001B2439 /* Debug */ = {
			isa = XCBuildConfiguration;
			buildSettings = {
				ASSETCATALOG_COMPILER_GLOBAL_ACCENT_COLOR_NAME = AccentColor;
				ASSETCATALOG_COMPILER_WIDGET_BACKGROUND_COLOR_NAME = WidgetBackground;
				CODE_SIGN_ENTITLEMENTS = whatsTodayWidgetExtension.entitlements;
				CODE_SIGN_IDENTITY = "Apple Development";
				CODE_SIGN_STYLE = Automatic;
				CURRENT_PROJECT_VERSION = 1;
				DEVELOPMENT_TEAM = S4XQ3TYPHX;
				GENERATE_INFOPLIST_FILE = YES;
				INFOPLIST_FILE = whatsTodayWidget/Info.plist;
				INFOPLIST_KEY_CFBundleDisplayName = whatsTodayWidget;
				INFOPLIST_KEY_NSHumanReadableCopyright = "";
				LD_RUNPATH_SEARCH_PATHS = (
					"$(inherited)",
					"@executable_path/Frameworks",
					"@executable_path/../../Frameworks",
				);
				MARKETING_VERSION = 1.0;
				PRODUCT_BUNDLE_IDENTIFIER = personalProject.whatsToday.whatsTodayWidget;
				PRODUCT_NAME = "$(TARGET_NAME)";
				PROVISIONING_PROFILE_SPECIFIER = "";
				SKIP_INSTALL = YES;
				SUPPORTED_PLATFORMS = "iphoneos iphonesimulator";
				SUPPORTS_MACCATALYST = NO;
				SUPPORTS_MAC_DESIGNED_FOR_IPHONE_IPAD = NO;
				SUPPORTS_XR_DESIGNED_FOR_IPHONE_IPAD = NO;
				SWIFT_EMIT_LOC_STRINGS = YES;
				SWIFT_VERSION = 5.0;
				TARGETED_DEVICE_FAMILY = 1;
			};
			name = Debug;
		};
		F03744B12E866D48001B2439 /* Release */ = {
			isa = XCBuildConfiguration;
			buildSettings = {
				ASSETCATALOG_COMPILER_GLOBAL_ACCENT_COLOR_NAME = AccentColor;
				ASSETCATALOG_COMPILER_WIDGET_BACKGROUND_COLOR_NAME = WidgetBackground;
				CODE_SIGN_ENTITLEMENTS = whatsTodayWidgetExtension.entitlements;
				CODE_SIGN_IDENTITY = "Apple Development";
				CODE_SIGN_STYLE = Automatic;
				CURRENT_PROJECT_VERSION = 1;
				DEVELOPMENT_TEAM = S4XQ3TYPHX;
				GENERATE_INFOPLIST_FILE = YES;
				INFOPLIST_FILE = whatsTodayWidget/Info.plist;
				INFOPLIST_KEY_CFBundleDisplayName = whatsTodayWidget;
				INFOPLIST_KEY_NSHumanReadableCopyright = "";
				LD_RUNPATH_SEARCH_PATHS = (
					"$(inherited)",
					"@executable_path/Frameworks",
					"@executable_path/../../Frameworks",
				);
				MARKETING_VERSION = 1.0;
				PRODUCT_BUNDLE_IDENTIFIER = personalProject.whatsToday.whatsTodayWidget;
				PRODUCT_NAME = "$(TARGET_NAME)";
				PROVISIONING_PROFILE_SPECIFIER = "";
				SKIP_INSTALL = YES;
				SUPPORTED_PLATFORMS = "iphoneos iphonesimulator";
				SUPPORTS_MACCATALYST = NO;
				SUPPORTS_MAC_DESIGNED_FOR_IPHONE_IPAD = NO;
				SUPPORTS_XR_DESIGNED_FOR_IPHONE_IPAD = NO;
				SWIFT_EMIT_LOC_STRINGS = YES;
				SWIFT_VERSION = 5.0;
				TARGETED_DEVICE_FAMILY = 1;
			};
			name = Release;
		};
		F050739B2E82B8D800D835AD /* Debug */ = {
			isa = XCBuildConfiguration;
			buildSettings = {
				ALWAYS_SEARCH_USER_PATHS = NO;
				ASSETCATALOG_COMPILER_GENERATE_SWIFT_ASSET_SYMBOL_EXTENSIONS = YES;
				CLANG_ANALYZER_NONNULL = YES;
				CLANG_ANALYZER_NUMBER_OBJECT_CONVERSION = YES_AGGRESSIVE;
				CLANG_CXX_LANGUAGE_STANDARD = "gnu++20";
				CLANG_ENABLE_MODULES = YES;
				CLANG_ENABLE_OBJC_ARC = YES;
				CLANG_ENABLE_OBJC_WEAK = YES;
				CLANG_WARN_BLOCK_CAPTURE_AUTORELEASING = YES;
				CLANG_WARN_BOOL_CONVERSION = YES;
				CLANG_WARN_COMMA = YES;
				CLANG_WARN_CONSTANT_CONVERSION = YES;
				CLANG_WARN_DEPRECATED_OBJC_IMPLEMENTATIONS = YES;
				CLANG_WARN_DIRECT_OBJC_ISA_USAGE = YES_ERROR;
				CLANG_WARN_DOCUMENTATION_COMMENTS = YES;
				CLANG_WARN_EMPTY_BODY = YES;
				CLANG_WARN_ENUM_CONVERSION = YES;
				CLANG_WARN_INFINITE_RECURSION = YES;
				CLANG_WARN_INT_CONVERSION = YES;
				CLANG_WARN_NON_LITERAL_NULL_CONVERSION = YES;
				CLANG_WARN_OBJC_IMPLICIT_RETAIN_SELF = YES;
				CLANG_WARN_OBJC_LITERAL_CONVERSION = YES;
				CLANG_WARN_OBJC_ROOT_CLASS = YES_ERROR;
				CLANG_WARN_QUOTED_INCLUDE_IN_FRAMEWORK_HEADER = YES;
				CLANG_WARN_RANGE_LOOP_ANALYSIS = YES;
				CLANG_WARN_STRICT_PROTOTYPES = YES;
				CLANG_WARN_SUSPICIOUS_MOVE = YES;
				CLANG_WARN_UNGUARDED_AVAILABILITY = YES_AGGRESSIVE;
				CLANG_WARN_UNREACHABLE_CODE = YES;
				CLANG_WARN__DUPLICATE_METHOD_MATCH = YES;
				COPY_PHASE_STRIP = NO;
				DEBUG_INFORMATION_FORMAT = dwarf;
				ENABLE_STRICT_OBJC_MSGSEND = YES;
				ENABLE_TESTABILITY = YES;
				ENABLE_USER_SCRIPT_SANDBOXING = YES;
				GCC_C_LANGUAGE_STANDARD = gnu17;
				GCC_DYNAMIC_NO_PIC = NO;
				GCC_NO_COMMON_BLOCKS = YES;
				GCC_OPTIMIZATION_LEVEL = 0;
				GCC_PREPROCESSOR_DEFINITIONS = (
					"DEBUG=1",
					"$(inherited)",
				);
				GCC_WARN_64_TO_32_BIT_CONVERSION = YES;
				GCC_WARN_ABOUT_RETURN_TYPE = YES_ERROR;
				GCC_WARN_UNDECLARED_SELECTOR = YES;
				GCC_WARN_UNINITIALIZED_AUTOS = YES_AGGRESSIVE;
				GCC_WARN_UNUSED_FUNCTION = YES;
				GCC_WARN_UNUSED_VARIABLE = YES;
				IPHONEOS_DEPLOYMENT_TARGET = 18.5;
				LOCALIZATION_PREFERS_STRING_CATALOGS = YES;
				MTL_ENABLE_DEBUG_INFO = INCLUDE_SOURCE;
				MTL_FAST_MATH = YES;
				ONLY_ACTIVE_ARCH = YES;
				SDKROOT = iphoneos;
				SWIFT_ACTIVE_COMPILATION_CONDITIONS = "DEBUG $(inherited)";
				SWIFT_OPTIMIZATION_LEVEL = "-Onone";
			};
			name = Debug;
		};
		F050739C2E82B8D800D835AD /* Release */ = {
			isa = XCBuildConfiguration;
			buildSettings = {
				ALWAYS_SEARCH_USER_PATHS = NO;
				ASSETCATALOG_COMPILER_GENERATE_SWIFT_ASSET_SYMBOL_EXTENSIONS = YES;
				CLANG_ANALYZER_NONNULL = YES;
				CLANG_ANALYZER_NUMBER_OBJECT_CONVERSION = YES_AGGRESSIVE;
				CLANG_CXX_LANGUAGE_STANDARD = "gnu++20";
				CLANG_ENABLE_MODULES = YES;
				CLANG_ENABLE_OBJC_ARC = YES;
				CLANG_ENABLE_OBJC_WEAK = YES;
				CLANG_WARN_BLOCK_CAPTURE_AUTORELEASING = YES;
				CLANG_WARN_BOOL_CONVERSION = YES;
				CLANG_WARN_COMMA = YES;
				CLANG_WARN_CONSTANT_CONVERSION = YES;
				CLANG_WARN_DEPRECATED_OBJC_IMPLEMENTATIONS = YES;
				CLANG_WARN_DIRECT_OBJC_ISA_USAGE = YES_ERROR;
				CLANG_WARN_DOCUMENTATION_COMMENTS = YES;
				CLANG_WARN_EMPTY_BODY = YES;
				CLANG_WARN_ENUM_CONVERSION = YES;
				CLANG_WARN_INFINITE_RECURSION = YES;
				CLANG_WARN_INT_CONVERSION = YES;
				CLANG_WARN_NON_LITERAL_NULL_CONVERSION = YES;
				CLANG_WARN_OBJC_IMPLICIT_RETAIN_SELF = YES;
				CLANG_WARN_OBJC_LITERAL_CONVERSION = YES;
				CLANG_WARN_OBJC_ROOT_CLASS = YES_ERROR;
				CLANG_WARN_QUOTED_INCLUDE_IN_FRAMEWORK_HEADER = YES;
				CLANG_WARN_RANGE_LOOP_ANALYSIS = YES;
				CLANG_WARN_STRICT_PROTOTYPES = YES;
				CLANG_WARN_SUSPICIOUS_MOVE = YES;
				CLANG_WARN_UNGUARDED_AVAILABILITY = YES_AGGRESSIVE;
				CLANG_WARN_UNREACHABLE_CODE = YES;
				CLANG_WARN__DUPLICATE_METHOD_MATCH = YES;
				COPY_PHASE_STRIP = NO;
				DEBUG_INFORMATION_FORMAT = "dwarf-with-dsym";
				ENABLE_NS_ASSERTIONS = NO;
				ENABLE_STRICT_OBJC_MSGSEND = YES;
				ENABLE_USER_SCRIPT_SANDBOXING = YES;
				GCC_C_LANGUAGE_STANDARD = gnu17;
				GCC_NO_COMMON_BLOCKS = YES;
				GCC_WARN_64_TO_32_BIT_CONVERSION = YES;
				GCC_WARN_ABOUT_RETURN_TYPE = YES_ERROR;
				GCC_WARN_UNDECLARED_SELECTOR = YES;
				GCC_WARN_UNINITIALIZED_AUTOS = YES_AGGRESSIVE;
				GCC_WARN_UNUSED_FUNCTION = YES;
				GCC_WARN_UNUSED_VARIABLE = YES;
				IPHONEOS_DEPLOYMENT_TARGET = 18.5;
				LOCALIZATION_PREFERS_STRING_CATALOGS = YES;
				MTL_ENABLE_DEBUG_INFO = NO;
				MTL_FAST_MATH = YES;
				SDKROOT = iphoneos;
				SWIFT_COMPILATION_MODE = wholemodule;
				VALIDATE_PRODUCT = YES;
			};
			name = Release;
		};
		F050739E2E82B8D800D835AD /* Debug */ = {
			isa = XCBuildConfiguration;
			buildSettings = {
				ASSETCATALOG_COMPILER_APPICON_NAME = AppIcon;
				ASSETCATALOG_COMPILER_GLOBAL_ACCENT_COLOR_NAME = AccentColor;
				CODE_SIGN_ENTITLEMENTS = whatsToday/whatsToday.entitlements;
				CODE_SIGN_IDENTITY = "Apple Development";
				CODE_SIGN_STYLE = Automatic;
				CURRENT_PROJECT_VERSION = 2;
				DEVELOPMENT_TEAM = S4XQ3TYPHX;
				ENABLE_PREVIEWS = YES;
				GENERATE_INFOPLIST_FILE = YES;
				INFOPLIST_FILE = whatsToday/Info.plist;
				INFOPLIST_KEY_CFBundleDisplayName = "What's Today";
				INFOPLIST_KEY_LSApplicationCategoryType = "public.app-category.lifestyle";
				INFOPLIST_KEY_UIApplicationSceneManifest_Generation = YES;
				INFOPLIST_KEY_UIApplicationSupportsIndirectInputEvents = YES;
				INFOPLIST_KEY_UILaunchScreen_Generation = YES;
				INFOPLIST_KEY_UIStatusBarHidden = NO;
				INFOPLIST_KEY_UIStatusBarStyle = "";
				INFOPLIST_KEY_UISupportedInterfaceOrientations_iPad = "UIInterfaceOrientationPortrait UIInterfaceOrientationPortraitUpsideDown UIInterfaceOrientationLandscapeLeft UIInterfaceOrientationLandscapeRight";
				INFOPLIST_KEY_UISupportedInterfaceOrientations_iPhone = "UIInterfaceOrientationPortrait UIInterfaceOrientationLandscapeLeft UIInterfaceOrientationLandscapeRight";
				LD_RUNPATH_SEARCH_PATHS = (
					"$(inherited)",
					"@executable_path/Frameworks",
				);
				MARKETING_VERSION = 0.1.1;
				PRODUCT_BUNDLE_IDENTIFIER = personalProject.whatsToday;
				PRODUCT_NAME = "$(TARGET_NAME)";
				PROVISIONING_PROFILE_SPECIFIER = "";
				SUPPORTED_PLATFORMS = "iphoneos iphonesimulator";
				SUPPORTS_MACCATALYST = NO;
				SUPPORTS_MAC_DESIGNED_FOR_IPHONE_IPAD = NO;
				SUPPORTS_XR_DESIGNED_FOR_IPHONE_IPAD = NO;
				SWIFT_EMIT_LOC_STRINGS = YES;
				SWIFT_VERSION = 5.0;
				TARGETED_DEVICE_FAMILY = 1;
			};
			name = Debug;
		};
		F050739F2E82B8D800D835AD /* Release */ = {
			isa = XCBuildConfiguration;
			buildSettings = {
				ASSETCATALOG_COMPILER_APPICON_NAME = AppIcon;
				ASSETCATALOG_COMPILER_GLOBAL_ACCENT_COLOR_NAME = AccentColor;
				CODE_SIGN_ENTITLEMENTS = whatsToday/whatsToday.entitlements;
				CODE_SIGN_IDENTITY = "Apple Development";
				CODE_SIGN_STYLE = Automatic;
				CURRENT_PROJECT_VERSION = 2;
				DEVELOPMENT_TEAM = S4XQ3TYPHX;
				ENABLE_PREVIEWS = YES;
				GENERATE_INFOPLIST_FILE = YES;
				INFOPLIST_FILE = whatsToday/Info.plist;
				INFOPLIST_KEY_CFBundleDisplayName = "What's Today";
				INFOPLIST_KEY_LSApplicationCategoryType = "public.app-category.lifestyle";
				INFOPLIST_KEY_UIApplicationSceneManifest_Generation = YES;
				INFOPLIST_KEY_UIApplicationSupportsIndirectInputEvents = YES;
				INFOPLIST_KEY_UILaunchScreen_Generation = YES;
				INFOPLIST_KEY_UIStatusBarHidden = NO;
				INFOPLIST_KEY_UIStatusBarStyle = "";
				INFOPLIST_KEY_UISupportedInterfaceOrientations_iPad = "UIInterfaceOrientationPortrait UIInterfaceOrientationPortraitUpsideDown UIInterfaceOrientationLandscapeLeft UIInterfaceOrientationLandscapeRight";
				INFOPLIST_KEY_UISupportedInterfaceOrientations_iPhone = "UIInterfaceOrientationPortrait UIInterfaceOrientationLandscapeLeft UIInterfaceOrientationLandscapeRight";
				LD_RUNPATH_SEARCH_PATHS = (
					"$(inherited)",
					"@executable_path/Frameworks",
				);
				MARKETING_VERSION = 0.1.1;
				PRODUCT_BUNDLE_IDENTIFIER = personalProject.whatsToday;
				PRODUCT_NAME = "$(TARGET_NAME)";
				PROVISIONING_PROFILE_SPECIFIER = "";
				SUPPORTED_PLATFORMS = "iphoneos iphonesimulator";
				SUPPORTS_MACCATALYST = NO;
				SUPPORTS_MAC_DESIGNED_FOR_IPHONE_IPAD = NO;
				SUPPORTS_XR_DESIGNED_FOR_IPHONE_IPAD = NO;
				SWIFT_EMIT_LOC_STRINGS = YES;
				SWIFT_VERSION = 5.0;
				TARGETED_DEVICE_FAMILY = 1;
			};
			name = Release;
		};
		F05073A12E82B8D800D835AD /* Debug */ = {
			isa = XCBuildConfiguration;
			buildSettings = {
				BUNDLE_LOADER = "$(TEST_HOST)";
				CODE_SIGN_STYLE = Automatic;
				CURRENT_PROJECT_VERSION = 1;
				GENERATE_INFOPLIST_FILE = YES;
				IPHONEOS_DEPLOYMENT_TARGET = 18.5;
				MARKETING_VERSION = 1.0;
				PRODUCT_BUNDLE_IDENTIFIER = personalProject.whatsTodayTests;
				PRODUCT_NAME = "$(TARGET_NAME)";
				SWIFT_EMIT_LOC_STRINGS = NO;
				SWIFT_VERSION = 5.0;
				TARGETED_DEVICE_FAMILY = "1,2";
				TEST_HOST = "$(BUILT_PRODUCTS_DIR)/whatsToday.app/$(BUNDLE_EXECUTABLE_FOLDER_PATH)/whatsToday";
			};
			name = Debug;
		};
		F05073A22E82B8D800D835AD /* Release */ = {
			isa = XCBuildConfiguration;
			buildSettings = {
				BUNDLE_LOADER = "$(TEST_HOST)";
				CODE_SIGN_STYLE = Automatic;
				CURRENT_PROJECT_VERSION = 1;
				GENERATE_INFOPLIST_FILE = YES;
				IPHONEOS_DEPLOYMENT_TARGET = 18.5;
				MARKETING_VERSION = 1.0;
				PRODUCT_BUNDLE_IDENTIFIER = personalProject.whatsTodayTests;
				PRODUCT_NAME = "$(TARGET_NAME)";
				SWIFT_EMIT_LOC_STRINGS = NO;
				SWIFT_VERSION = 5.0;
				TARGETED_DEVICE_FAMILY = "1,2";
				TEST_HOST = "$(BUILT_PRODUCTS_DIR)/whatsToday.app/$(BUNDLE_EXECUTABLE_FOLDER_PATH)/whatsToday";
			};
			name = Release;
		};
		F05073A42E82B8D800D835AD /* Debug */ = {
			isa = XCBuildConfiguration;
			buildSettings = {
				CODE_SIGN_STYLE = Automatic;
				CURRENT_PROJECT_VERSION = 1;
				GENERATE_INFOPLIST_FILE = YES;
				MARKETING_VERSION = 1.0;
				PRODUCT_BUNDLE_IDENTIFIER = personalProject.whatsTodayUITests;
				PRODUCT_NAME = "$(TARGET_NAME)";
				SWIFT_EMIT_LOC_STRINGS = NO;
				SWIFT_VERSION = 5.0;
				TARGETED_DEVICE_FAMILY = "1,2";
				TEST_TARGET_NAME = whatsToday;
			};
			name = Debug;
		};
		F05073A52E82B8D800D835AD /* Release */ = {
			isa = XCBuildConfiguration;
			buildSettings = {
				CODE_SIGN_STYLE = Automatic;
				CURRENT_PROJECT_VERSION = 1;
				GENERATE_INFOPLIST_FILE = YES;
				MARKETING_VERSION = 1.0;
				PRODUCT_BUNDLE_IDENTIFIER = personalProject.whatsTodayUITests;
				PRODUCT_NAME = "$(TARGET_NAME)";
				SWIFT_EMIT_LOC_STRINGS = NO;
				SWIFT_VERSION = 5.0;
				TARGETED_DEVICE_FAMILY = "1,2";
				TEST_TARGET_NAME = whatsToday;
			};
			name = Release;
		};
/* End XCBuildConfiguration section */

/* Begin XCConfigurationList section */
		F03744B32E866D48001B2439 /* Build configuration list for PBXNativeTarget "whatsTodayWidgetExtension" */ = {
			isa = XCConfigurationList;
			buildConfigurations = (
				F03744B02E866D48001B2439 /* Debug */,
				F03744B12E866D48001B2439 /* Release */,
			);
			defaultConfigurationIsVisible = 0;
			defaultConfigurationName = Release;
		};
		F05073752E82B8D600D835AD /* Build configuration list for PBXProject "whatsToday" */ = {
			isa = XCConfigurationList;
			buildConfigurations = (
				F050739B2E82B8D800D835AD /* Debug */,
				F050739C2E82B8D800D835AD /* Release */,
			);
			defaultConfigurationIsVisible = 0;
			defaultConfigurationName = Release;
		};
		F050739D2E82B8D800D835AD /* Build configuration list for PBXNativeTarget "whatsToday" */ = {
			isa = XCConfigurationList;
			buildConfigurations = (
				F050739E2E82B8D800D835AD /* Debug */,
				F050739F2E82B8D800D835AD /* Release */,
			);
			defaultConfigurationIsVisible = 0;
			defaultConfigurationName = Release;
		};
		F05073A02E82B8D800D835AD /* Build configuration list for PBXNativeTarget "whatsTodayTests" */ = {
			isa = XCConfigurationList;
			buildConfigurations = (
				F05073A12E82B8D800D835AD /* Debug */,
				F05073A22E82B8D800D835AD /* Release */,
			);
			defaultConfigurationIsVisible = 0;
			defaultConfigurationName = Release;
		};
		F05073A32E82B8D800D835AD /* Build configuration list for PBXNativeTarget "whatsTodayUITests" */ = {
			isa = XCConfigurationList;
			buildConfigurations = (
				F05073A42E82B8D800D835AD /* Debug */,
				F05073A52E82B8D800D835AD /* Release */,
			);
			defaultConfigurationIsVisible = 0;
			defaultConfigurationName = Release;
		};
/* End XCConfigurationList section */
	};
	rootObject = F05073722E82B8D600D835AD /* Project object */;
}
